
Microsoft Visual Studio Solution File, Format Version 12.00
# Visual Studio Version 16
VisualStudioVersion = 16.0.33927.289
MinimumVisualStudioVersion = 10.0.40219.1
Project("{FAE04EC0-301F-11D3-BF4B-00C04F79EFBC}") = "Diary", "Diary\Diary.csproj", "{528F12C0-12F0-4063-9F17-1B2F23B2A886}"
EndProject
Global
	GlobalSection(SolutionConfigurationPlatforms) = preSolution
		Debug|Any CPU = Debug|Any CPU
		Release|Any CPU = Release|Any CPU
	EndGlobalSection
	GlobalSection(ProjectConfigurationPlatforms) = postSolution
		{528F12C0-12F0-4063-9F17-1B2F23B2A886}.Debug|Any CPU.ActiveCfg = Debug|Any CPU
		{528F12C0-12F0-4063-9F17-1B2F23B2A886}.Debug|Any CPU.Build.0 = Debug|Any CPU
		{528F12C0-12F0-4063-9F17-1B2F23B2A886}.Release|Any CPU.ActiveCfg = Release|Any CPU
		{528F12C0-12F0-4063-9F17-1B2F23B2A886}.Release|Any CPU.Build.0 = Release|Any CPU
	EndGlobalSection
	GlobalSection(SolutionProperties) = preSolution
		HideSolutionNode = FALSE
	EndGlobalSection
	GlobalSection(ExtensibilityGlobals) = postSolution
		SolutionGuid = {A1AEC0BC-FF13-4BBA-A832-405676672F72}
	EndGlobalSection
EndGlobal
